Microsoft Visual Studio Solution File, Format Version 12.00
# Visual Studio 2012
Project("{E24C65DC-7377-472B-9ABA-BC803B73C61A}") = "RelianceSIP", "http://localhost/rsipcalc/RelianceSIP.vbproj", "{8BE8B067-6568-403A-AA1B-776C4C7D9657}"
EndProject
Global
	GlobalSection(SolutionConfigurationPlatforms) = preSolution
		Debug|Default = Debug|Default
		Release|Default = Release|Default
	EndGlobalSection
	GlobalSection(ProjectConfigurationPlatforms) = postSolution
		{8BE8B067-6568-403A-AA1B-776C4C7D9657}.Debug|Default.ActiveCfg = Debug|.NET
		{8BE8B067-6568-403A-AA1B-776C4C7D9657}.Debug|Default.Build.0 = Debug|.NET
		{8BE8B067-6568-403A-AA1B-776C4C7D9657}.Release|Default.ActiveCfg = Release|.NET
		{8BE8B067-6568-403A-AA1B-776C4C7D9657}.Release|Default.Build.0 = Release|.NET
	EndGlobalSection
	GlobalSection(SolutionProperties) = preSolution
		HideSolutionNode = FALSE
	EndGlobalSection
EndGlobal
